// !$*UTF8*$!
{
	archiveVersion = 1;
	classes = {
	};
	objectVersion = 46;
	objects = {

/* Begin PBXBuildFile section */
		C6D5452B1EDA48ED0005A037 /* AppDelegate.swift in Sources */ = {isa = PBXBuildFile; fileRef = C6D5452A1EDA48ED0005A037 /* AppDelegate.swift */; };
		C6D5452D1EDA48ED0005A037 /* iBrowseController.swift in Sources */ = {isa = PBXBuildFile; fileRef = C6D5452C1EDA48ED0005A037 /* iBrowseController.swift */; };
		C6D545301EDA48ED0005A037 /* Main.storyboard in Resources */ = {isa = PBXBuildFile; fileRef = C6D5452E1EDA48ED0005A037 /* Main.storyboard */; };
		C6D545321EDA48ED0005A037 /* Assets.xcassets in Resources */ = {isa = PBXBuildFile; fileRef = C6D545311EDA48ED0005A037 /* Assets.xcassets */; };
		C6D545351EDA48ED0005A037 /* LaunchScreen.storyboard in Resources */ = {isa = PBXBuildFile; fileRef = C6D545331EDA48ED0005A037 /* LaunchScreen.storyboard */; };
/* End PBXBuildFile section */

/* Begin PBXFileReference section */
		C6D545271EDA48ED0005A037 /* iBrowse.app */ = {isa = PBXFileReference; explicitFileType = wrapper.application; includeInIndex = 0; path = iBrowse.app; sourceTree = BUILT_PRODUCTS_DIR; };
		C6D5452A1EDA48ED0005A037 /* AppDelegate.swift */ = {isa = PBXFileReference; lastKnownFileType = sourcecode.swift; path = AppDelegate.swift; sourceTree = "<group>"; };
		C6D5452C1EDA48ED0005A037 /* iBrowseController.swift */ = {isa = PBXFileReference; lastKnownFileType = sourcecode.swift; path = iBrowseController.swift; sourceTree = "<group>"; };
		C6D5452F1EDA48ED0005A037 /* Base */ = {isa = PBXFileReference; lastKnownFileType = file.storyboard; name = Base; path = Base.lproj/Main.storyboard; sourceTree = "<group>"; };
		C6D545311EDA48ED0005A037 /* Assets.xcassets */ = {isa = PBXFileReference; lastKnownFileType = folder.assetcatalog; path = Assets.xcassets; sourceTree = "<group>"; };
		C6D545341EDA48ED0005A037 /* Base */ = {isa = PBXFileReference; lastKnownFileType = file.storyboard; name = Base; path = Base.lproj/LaunchScreen.storyboard; sourceTree = "<group>"; };
		C6D545361EDA48ED0005A037 /* Info.plist */ = {isa = PBXFileReference; lastKnownFileType = text.plist.xml; path = Info.plist; sourceTree = "<group>"; };
/* End PBXFileReference section */

/* Begin PBXFrameworksBuildPhase section */
		C6D545241EDA48EC0005A037 /* Frameworks */ = {
			isa = PBXFrameworksBuildPhase;
			buildActionMask = 2147483647;
			files = (
			);
			runOnlyForDeploymentPostprocessing = 0;
		};
/* End PBXFrameworksBuildPhase section */

/* Begin PBXGroup section */
		C6D5451E1EDA48EC0005A037 = {
			isa = PBXGroup;
			children = (
				C6D545291EDA48ED0005A037 /* iBrowse */,
				C6D545281EDA48ED0005A037 /* Products */,
			);
			sourceTree = "<group>";
		};
		C6D545281EDA48ED0005A037 /* Products */ = {
			isa = PBXGroup;
			children = (
				C6D545271EDA48ED0005A037 /* iBrowse.app */,
			);
			name = Products;
			sourceTree = "<group>";
		};
		C6D545291EDA48ED0005A037 /* iBrowse */ = {
			isa = PBXGroup;
			children = (
				C6D5452A1EDA48ED0005A037 /* AppDelegate.swift */,
				C6D5452C1EDA48ED0005A037 /* iBrowseController.swift */,
				C6D5452E1EDA48ED0005A037 /* Main.storyboard */,
				C6D545311EDA48ED0005A037 /* Assets.xcassets */,
				C6D545331EDA48ED0005A037 /* LaunchScreen.storyboard */,
				C6D545361EDA48ED0005A037 /* Info.plist */,
			);
			path = iBrowse;
			sourceTree = "<group>";
		};
/* End PBXGroup section */

/* Begin PBXNativeTarget section */
		C6D545261EDA48EC0005A037 /* iBrowse */ = {
			isa = PBXNativeTarget;
			buildConfigurationList = C6D545391EDA48ED0005A037 /* Build configuration list for PBXNativeTarget "iBrowse" */;
			buildPhases = (
				C6D545231EDA48EC0005A037 /* Sources */,
				C6D545241EDA48EC0005A037 /* Frameworks */,
				C6D545251EDA48EC0005A037 /* Resources */,
			);
			buildRules = (
			);
			dependencies = (
			);
			name = iBrowse;
			productName = iBrowse;
			productReference = C6D545271EDA48ED0005A037 /* iBrowse.app */;
			productType = "com.apple.product-type.application";
		};
/* End PBXNativeTarget section */

/* Begin PBXProject section */
		C6D5451F1EDA48EC0005A037 /* Project object */ = {
			isa = PBXProject;
			attributes = {
				LastSwiftUpdateCheck = 0830;
				LastUpgradeCheck = 0830;
				ORGANIZATIONNAME = BDA;
				TargetAttributes = {
					C6D545261EDA48EC0005A037 = {
						CreatedOnToolsVersion = 8.3.2;
						DevelopmentTeam = TVW3BWZ2VA;
						ProvisioningStyle = Automatic;
					};
				};
			};
			buildConfigurationList = C6D545221EDA48EC0005A037 /* Build configuration list for PBXProject "iBrowse" */;
			compatibilityVersion = "Xcode 3.2";
			developmentRegion = English;
			hasScannedForEncodings = 0;
			knownRegions = (
				en,
				Base,
			);
			mainGroup = C6D5451E1EDA48EC0005A037;
			productRefGroup = C6D545281EDA48ED0005A037 /* Products */;
			projectDirPath = "";
			projectRoot = "";
			targets = (
				C6D545261EDA48EC0005A037 /* iBrowse */,
			);
		};
/* End PBXProject section */

/* Begin PBXResourcesBuildPhase section */
		C6D545251EDA48EC0005A037 /* Resources */ = {
			isa = PBXResourcesBuildPhase;
			buildActionMask = 2147483647;
			files = (
				C6D545351EDA48ED0005A037 /* LaunchScreen.storyboard in Resources */,
				C6D545321EDA48ED0005A037 /* Assets.xcassets in Resources */,
				C6D545301EDA48ED0005A037 /* Main.storyboard in Resources */,
			);
			runOnlyForDeploymentPostprocessing = 0;
		};
/* End PBXResourcesBuildPhase section */

/* Begin PBXSourcesBuildPhase section */
		C6D545231EDA48EC0005A037 /* Sources */ = {
			isa = PBXSourcesBuildPhase;
			buildActionMask = 2147483647;
			files = (
				C6D5452D1EDA48ED0005A037 /* iBrowseController.swift in Sources */,
				C6D5452B1EDA48ED0005A037 /* AppDelegate.swift in Sources */,
			);
			runOnlyForDeploymentPostprocessing = 0;
		};
/* End PBXSourcesBuildPhase section */

/* Begin PBXVariantGroup section */
		C6D5452E1EDA48ED0005A037 /* Main.storyboard */ = {
			isa = PBXVariantGroup;
			children = (
				C6D5452F1EDA48ED0005A037 /* Base */,
			);
			name = Main.storyboard;
			sourceTree = "<group>";
		};
		C6D545331EDA48ED0005A037 /* LaunchScreen.storyboard */ = {
			isa = PBXVariantGroup;
			children = (
				C6D545341EDA48ED0005A037 /* Base */,
			);
			name = LaunchScreen.storyboard;
			sourceTree = "<group>";
		};
/* End PBXVariantGroup section */

/* Begin XCBuildConfiguration section */
		C6D545371EDA48ED0005A037 /* Debug */ = {
			isa = XCBuildConfiguration;
			buildSettings = {
				ALWAYS_SEARCH_USER_PATHS = NO;
				CLANG_ANALYZER_NONNULL = YES;
				CLANG_ANALYZER_NUMBER_OBJECT_CONVERSION = YES_AGGRESSIVE;
				CLANG_CXX_LANGUAGE_STANDARD = "gnu++0x";
				CLANG_CXX_LIBRARY = "libc++";
				CLANG_ENABLE_MODULES = YES;
				CLANG_ENABLE_OBJC_ARC = YES;
				CLANG_WARN_BOOL_CONVERSION = YES;
				CLANG_WARN_CONSTANT_CONVERSION = YES;
				CLANG_WARN_DIRECT_OBJC_ISA_USAGE = YES_ERROR;
				CLANG_WARN_DOCUMENTATION_COMMENTS = YES;
				CLANG_WARN_EMPTY_BODY = YES;
				CLANG_WARN_ENUM_CONVERSION = YES;
				CLANG_WARN_INFINITE_RECURSION = YES;
				CLANG_WARN_INT_CONVERSION = YES;
				CLANG_WARN_OBJC_ROOT_CLASS = YES_ERROR;
				CLANG_WARN_SUSPICIOUS_MOVE = YES;
				CLANG_WARN_UNREACHABLE_CODE = YES;
				CLANG_WARN__DUPLICATE_METHOD_MATCH = YES;
				"CODE_SIGN_IDENTITY[sdk=iphoneos*]" = "iPhone Developer";
				COPY_PHASE_STRIP = NO;
				DEBUG_INFORMATION_FORMAT = dwarf;
				ENABLE_STRICT_OBJC_MSGSEND = YES;
				ENABLE_TESTABILITY = YES;
				GCC_C_LANGUAGE_STANDARD = gnu99;
				GCC_DYNAMIC_NO_PIC = NO;
				GCC_NO_COMMON_BLOCKS = YES;
				GCC_OPTIMIZATION_LEVEL = 0;
				GCC_PREPROCESSOR_DEFINITIONS = (
					"DEBUG=1",
					"$(inherited)",
				);
				GCC_WARN_64_TO_32_BIT_CONVERSION = YES;
				GCC_WARN_ABOUT_RETURN_TYPE = YES_ERROR;
				GCC_WARN_UNDECLARED_SELECTOR = YES;
				GCC_WARN_UNINITIALIZED_AUTOS = YES_AGGRESSIVE;
				GCC_WARN_UNUSED_FUNCTION = YES;
				GCC_WARN_UNUSED_VARIABLE = YES;
				IPHONEOS_DEPLOYMENT_TARGET = 10.3;
				MTL_ENABLE_DEBUG_INFO = YES;
				ONLY_ACTIVE_ARCH = YES;
				SDKROOT = iphoneos;
				SWIFT_ACTIVE_COMPILATION_CONDITIONS = DEBUG;
				SWIFT_OPTIMIZATION_LEVEL = "-Onone";
			};
			name = Debug;
		};
		C6D545381EDA48ED0005A037 /* Release */ = {
			isa = XCBuildConfiguration;
			buildSettings = {
				ALWAYS_SEARCH_USER_PATHS = NO;
				CLANG_ANALYZER_NONNULL = YES;
				CLANG_ANALYZER_NUMBER_OBJECT_CONVERSION = YES_AGGRESSIVE;
				CLANG_CXX_LANGUAGE_STANDARD = "gnu++0x";
				CLANG_CXX_LIBRARY = "libc++";
				CLANG_ENABLE_MODULES = YES;
				CLANG_ENABLE_OBJC_ARC = YES;
				CLANG_WARN_BOOL_CONVERSION = YES;
				CLANG_WARN_CONSTANT_CONVERSION = YES;
				CLANG_WARN_DIRECT_OBJC_ISA_USAGE = YES_ERROR;
				CLANG_WARN_DOCUMENTATION_COMMENTS = YES;
				CLANG_WARN_EMPTY_BODY = YES;
				CLANG_WARN_ENUM_CONVERSION = YES;
				CLANG_WARN_INFINITE_RECURSION = YES;
				CLANG_WARN_INT_CONVERSION = YES;
				CLANG_WARN_OBJC_ROOT_CLASS = YES_ERROR;
				CLANG_WARN_SUSPICIOUS_MOVE = YES;
				CLANG_WARN_UNREACHABLE_CODE = YES;
				CLANG_WARN__DUPLICATE_METHOD_MATCH = YES;
				"CODE_SIGN_IDENTITY[sdk=iphoneos*]" = "iPhone Developer";
				COPY_PHASE_STRIP = NO;
				DEBUG_INFORMATION_FORMAT = "dwarf-with-dsym";
				ENABLE_NS_ASSERTIONS = NO;
				ENABLE_STRICT_OBJC_MSGSEND = YES;
				GCC_C_LANGUAGE_STANDARD = gnu99;
				GCC_NO_COMMON_BLOCKS = YES;
				GCC_WARN_64_TO_32_BIT_CONVERSION = YES;
				GCC_WARN_ABOUT_RETURN_TYPE = YES_ERROR;
				GCC_WARN_UNDECLARED_SELECTOR = YES;
				GCC_WARN_UNINITIALIZED_AUTOS = YES_AGGRESSIVE;
				GCC_WARN_UNUSED_FUNCTION = YES;
				GCC_WARN_UNUSED_VARIABLE = YES;
				IPHONEOS_DEPLOYMENT_TARGET = 10.3;
				MTL_ENABLE_DEBUG_INFO = NO;
				SDKROOT = iphoneos;
				SWIFT_OPTIMIZATION_LEVEL = "-Owholemodule";
				VALIDATE_PRODUCT = YES;
			};
			name = Release;
		};
		C6D5453A1EDA48ED0005A037 /* Debug */ = {
			isa = XCBuildConfiguration;
			buildSettings = {
				ASSETCATALOG_COMPILER_APPICON_NAME = AppIcon;
				DEVELOPMENT_TEAM = TVW3BWZ2VA;
				INFOPLIST_FILE = iBrowse/Info.plist;
				LD_RUNPATH_SEARCH_PATHS = "$(inherited) @executable_path/Frameworks";
				PRODUCT_BUNDLE_IDENTIFIER = io.bda.iBrowse;
				PRODUCT_NAME = "$(TARGET_NAME)";
				SWIFT_VERSION = 3.0;
			};
			name = Debug;
		};
		C6D5453B1EDA48ED0005A037 /* Release */ = {
			isa = XCBuildConfiguration;
			buildSettings = {
				ASSETCATALOG_COMPILER_APPICON_NAME = AppIcon;
				DEVELOPMENT_TEAM = TVW3BWZ2VA;
				INFOPLIST_FILE = iBrowse/Info.plist;
				LD_RUNPATH_SEARCH_PATHS = "$(inherited) @executable_path/Frameworks";
				PRODUCT_BUNDLE_IDENTIFIER = io.bda.iBrowse;
				PRODUCT_NAME = "$(TARGET_NAME)";
				SWIFT_VERSION = 3.0;
			};
			name = Release;
		};
/* End XCBuildConfiguration section */

/* Begin XCConfigurationList section */
		C6D545221EDA48EC0005A037 /* Build configuration list for PBXProject "iBrowse" */ = {
			isa = XCConfigurationList;
			buildConfigurations = (
				C6D545371EDA48ED0005A037 /* Debug */,
				C6D545381EDA48ED0005A037 /* Release */,
			);
			defaultConfigurationIsVisible = 0;
			defaultConfigurationName = Release;
		};
		C6D545391EDA48ED0005A037 /* Build configuration list for PBXNativeTarget "iBrowse" */ = {
			isa = XCConfigurationList;
			buildConfigurations = (
				C6D5453A1EDA48ED0005A037 /* Debug */,
				C6D5453B1EDA48ED0005A037 /* Release */,
			);
			defaultConfigurationIsVisible = 0;
		};
/* End XCConfigurationList section */
	};
	rootObject = C6D5451F1EDA48EC0005A037 /* Project object */;
}
